
Microsoft Visual Studio Solution File, Format Version 12.00
# Visual Studio Version 17
VisualStudioVersion = 17.5.33530.505
MinimumVisualStudioVersion = 10.0.40219.1
Project("{FAE04EC0-301F-11D3-BF4B-00C04F79EFBC}") = "Automation Project", "Automation Project.csproj", "{0FEFEF90-E2D2-4E03-B209-FE52ED27CB5E}"
EndProject
Global
	GlobalSection(SolutionConfigurationPlatforms) = preSolution
		Debug|Any CPU = Debug|Any CPU
		Release|Any CPU = Release|Any CPU
	EndGlobalSection
	GlobalSection(ProjectConfigurationPlatforms) = postSolution
		{0FEFEF90-E2D2-4E03-B209-FE52ED27CB5E}.Debug|Any CPU.ActiveCfg = Debug|Any CPU
		{0FEFEF90-E2D2-4E03-B209-FE52ED27CB5E}.Debug|Any CPU.Build.0 = Debug|Any CPU
		{0FEFEF90-E2D2-4E03-B209-FE52ED27CB5E}.Release|Any CPU.ActiveCfg = Release|Any CPU
		{0FEFEF90-E2D2-4E03-B209-FE52ED27CB5E}.Release|Any CPU.Build.0 = Release|Any CPU
	EndGlobalSection
	GlobalSection(SolutionProperties) = preSolution
		HideSolutionNode = FALSE
	EndGlobalSection
	GlobalSection(ExtensibilityGlobals) = postSolution
		SolutionGuid = {1DEDBB4A-1CC1-447D-9B54-F23E65D3AB95}
	EndGlobalSection
EndGlobal
